
Microsoft Visual Studio Solution File, Format Version 12.00
# Visual Studio 14
VisualStudioVersion = 14.0.25123.0
MinimumVisualStudioVersion = 10.0.40219.1
Project("{FAE04EC0-301F-11D3-BF4B-00C04F79EFBC}") = "XFMCSample.Droid", "XFMCSample\XFMCSample.Droid\XFMCSample.Droid.csproj", "{4D7F5B86-F1B0-423B-86CC-8E22855B4FF5}"
EndProject
Project("{FAE04EC0-301F-11D3-BF4B-00C04F79EFBC}") = "XFMCSample.iOS", "XFMCSample\XFMCSample.iOS\XFMCSample.iOS.csproj", "{044ED99A-5EFE-4F0C-84F4-F41C34F4BAA9}"
EndProject
Project("{FAE04EC0-301F-11D3-BF4B-00C04F79EFBC}") = "XFMCSample.WinPhone", "XFMCSample\XFMCSample.WinPhone\XFMCSample.WinPhone.csproj", "{731F5DE4-AF87-41FF-A960-D6B3F607EF2F}"
EndProject
Project("{FAE04EC0-301F-11D3-BF4B-00C04F79EFBC}") = "XFMCSample.UWP", "XFMCSample\XFMCSample.UWP\XFMCSample.UWP.csproj", "{FE5AFEC4-6502-4ABF-935A-0F02C8391C01}"
EndProject
Project("{FAE04EC0-301F-11D3-BF4B-00C04F79EFBC}") = "XFMCSample.Windows", "XFMCSample\XFMCSample.Windows\XFMCSample.Windows.csproj", "{16A7E452-6568-4E5A-8DA2-6EE9C3257F1B}"
EndProject
Project("{FAE04EC0-301F-11D3-BF4B-00C04F79EFBC}") = "XFMCSample", "XFMCSample\XFMCSample\XFMCSample.csproj", "{95E9AC8E-ADC9-4BF3-BE77-B499A4E7C02E}"
EndProject
Global
	GlobalSection(SolutionConfigurationPlatforms) = preSolution
		Ad-Hoc|Any CPU = Ad-Hoc|Any CPU
		Ad-Hoc|ARM = Ad-Hoc|ARM
		Ad-Hoc|iPhone = Ad-Hoc|iPhone
		Ad-Hoc|iPhoneSimulator = Ad-Hoc|iPhoneSimulator
		Ad-Hoc|x64 = Ad-Hoc|x64
		Ad-Hoc|x86 = Ad-Hoc|x86
		AppStore|Any CPU = AppStore|Any CPU
		AppStore|ARM = AppStore|ARM
		AppStore|iPhone = AppStore|iPhone
		AppStore|iPhoneSimulator = AppStore|iPhoneSimulator
		AppStore|x64 = AppStore|x64
		AppStore|x86 = AppStore|x86
		Debug|Any CPU = Debug|Any CPU
		Debug|ARM = Debug|ARM
		Debug|iPhone = Debug|iPhone
		Debug|iPhoneSimulator = Debug|iPhoneSimulator
		Debug|x64 = Debug|x64
		Debug|x86 = Debug|x86
		Release|Any CPU = Release|Any CPU
		Release|ARM = Release|ARM
		Release|iPhone = Release|iPhone
		Release|iPhoneSimulator = Release|iPhoneSimulator
		Release|x64 = Release|x64
		Release|x86 = Release|x86
	EndGlobalSection
	GlobalSection(ProjectConfigurationPlatforms) = postSolution
		{4D7F5B86-F1B0-423B-86CC-8E22855B4FF5}.Ad-Hoc|Any CPU.ActiveCfg = Release|Any CPU
		{4D7F5B86-F1B0-423B-86CC-8E22855B4FF5}.Ad-Hoc|Any CPU.Build.0 = Release|Any CPU
		{4D7F5B86-F1B0-423B-86CC-8E22855B4FF5}.Ad-Hoc|Any CPU.Deploy.0 = Release|Any CPU
		{4D7F5B86-F1B0-423B-86CC-8E22855B4FF5}.Ad-Hoc|ARM.ActiveCfg = Release|Any CPU
		{4D7F5B86-F1B0-423B-86CC-8E22855B4FF5}.Ad-Hoc|ARM.Build.0 = Release|Any CPU
		{4D7F5B86-F1B0-423B-86CC-8E22855B4FF5}.Ad-Hoc|ARM.Deploy.0 = Release|Any CPU
		{4D7F5B86-F1B0-423B-86CC-8E22855B4FF5}.Ad-Hoc|iPhone.ActiveCfg = Release|Any CPU
		{4D7F5B86-F1B0-423B-86CC-8E22855B4FF5}.Ad-Hoc|iPhone.Build.0 = Release|Any CPU
		{4D7F5B86-F1B0-423B-86CC-8E22855B4FF5}.Ad-Hoc|iPhone.Deploy.0 = Release|Any CPU
		{4D7F5B86-F1B0-423B-86CC-8E22855B4FF5}.Ad-Hoc|iPhoneSimulator.ActiveCfg = Release|Any CPU
		{4D7F5B86-F1B0-423B-86CC-8E22855B4FF5}.Ad-Hoc|iPhoneSimulator.Build.0 = Release|Any CPU
		{4D7F5B86-F1B0-423B-86CC-8E22855B4FF5}.Ad-Hoc|iPhoneSimulator.Deploy.0 = Release|Any CPU
		{4D7F5B86-F1B0-423B-86CC-8E22855B4FF5}.Ad-Hoc|x64.ActiveCfg = Release|Any CPU
		{4D7F5B86-F1B0-423B-86CC-8E22855B4FF5}.Ad-Hoc|x64.Build.0 = Release|Any CPU
		{4D7F5B86-F1B0-423B-86CC-8E22855B4FF5}.Ad-Hoc|x64.Deploy.0 = Release|Any CPU
		{4D7F5B86-F1B0-423B-86CC-8E22855B4FF5}.Ad-Hoc|x86.ActiveCfg = Release|Any CPU
		{4D7F5B86-F1B0-423B-86CC-8E22855B4FF5}.Ad-Hoc|x86.Build.0 = Release|Any CPU
		{4D7F5B86-F1B0-423B-86CC-8E22855B4FF5}.Ad-Hoc|x86.Deploy.0 = Release|Any CPU
		{4D7F5B86-F1B0-423B-86CC-8E22855B4FF5}.AppStore|Any CPU.ActiveCfg = Release|Any CPU
		{4D7F5B86-F1B0-423B-86CC-8E22855B4FF5}.AppStore|Any CPU.Build.0 = Release|Any CPU
		{4D7F5B86-F1B0-423B-86CC-8E22855B4FF5}.AppStore|Any CPU.Deploy.0 = Release|Any CPU
		{4D7F5B86-F1B0-423B-86CC-8E22855B4FF5}.AppStore|ARM.ActiveCfg = Release|Any CPU
		{4D7F5B86-F1B0-423B-86CC-8E22855B4FF5}.AppStore|ARM.Build.0 = Release|Any CPU
		{4D7F5B86-F1B0-423B-86CC-8E22855B4FF5}.AppStore|ARM.Deploy.0 = Release|Any CPU
		{4D7F5B86-F1B0-423B-86CC-8E22855B4FF5}.AppStore|iPhone.ActiveCfg = Release|Any CPU
		{4D7F5B86-F1B0-423B-86CC-8E22855B4FF5}.AppStore|iPhone.Build.0 = Release|Any CPU
		{4D7F5B86-F1B0-423B-86CC-8E22855B4FF5}.AppStore|iPhone.Deploy.0 = Release|Any CPU
		{4D7F5B86-F1B0-423B-86CC-8E22855B4FF5}.AppStore|iPhoneSimulator.ActiveCfg = Release|Any CPU
		{4D7F5B86-F1B0-423B-86CC-8E22855B4FF5}.AppStore|iPhoneSimulator.Build.0 = Release|Any CPU
		{4D7F5B86-F1B0-423B-86CC-8E22855B4FF5}.AppStore|iPhoneSimulator.Deploy.0 = Release|Any CPU
		{4D7F5B86-F1B0-423B-86CC-8E22855B4FF5}.AppStore|x64.ActiveCfg = Release|Any CPU
		{4D7F5B86-F1B0-423B-86CC-8E22855B4FF5}.AppStore|x64.Build.0 = Release|Any CPU
		{4D7F5B86-F1B0-423B-86CC-8E22855B4FF5}.AppStore|x64.Deploy.0 = Release|Any CPU
		{4D7F5B86-F1B0-423B-86CC-8E22855B4FF5}.AppStore|x86.ActiveCfg = Release|Any CPU
		{4D7F5B86-F1B0-423B-86CC-8E22855B4FF5}.AppStore|x86.Build.0 = Release|Any CPU
		{4D7F5B86-F1B0-423B-86CC-8E22855B4FF5}.AppStore|x86.Deploy.0 = Release|Any CPU
		{4D7F5B86-F1B0-423B-86CC-8E22855B4FF5}.Debug|Any CPU.ActiveCfg = Debug|Any CPU
		{4D7F5B86-F1B0-423B-86CC-8E22855B4FF5}.Debug|Any CPU.Build.0 = Debug|Any CPU
		{4D7F5B86-F1B0-423B-86CC-8E22855B4FF5}.Debug|Any CPU.Deploy.0 = Debug|Any CPU
		{4D7F5B86-F1B0-423B-86CC-8E22855B4FF5}.Debug|ARM.ActiveCfg = Debug|Any CPU
		{4D7F5B86-F1B0-423B-86CC-8E22855B4FF5}.Debug|ARM.Build.0 = Debug|Any CPU
		{4D7F5B86-F1B0-423B-86CC-8E22855B4FF5}.Debug|ARM.Deploy.0 = Debug|Any CPU
		{4D7F5B86-F1B0-423B-86CC-8E22855B4FF5}.Debug|iPhone.ActiveCfg = Debug|Any CPU
		{4D7F5B86-F1B0-423B-86CC-8E22855B4FF5}.Debug|iPhone.Build.0 = Debug|Any CPU
		{4D7F5B86-F1B0-423B-86CC-8E22855B4FF5}.Debug|iPhone.Deploy.0 = Debug|Any CPU
		{4D7F5B86-F1B0-423B-86CC-8E22855B4FF5}.Debug|iPhoneSimulator.ActiveCfg = Debug|Any CPU
		{4D7F5B86-F1B0-423B-86CC-8E22855B4FF5}.Debug|iPhoneSimulator.Build.0 = Debug|Any CPU
		{4D7F5B86-F1B0-423B-86CC-8E22855B4FF5}.Debug|iPhoneSimulator.Deploy.0 = Debug|Any CPU
		{4D7F5B86-F1B0-423B-86CC-8E22855B4FF5}.Debug|x64.ActiveCfg = Debug|Any CPU
		{4D7F5B86-F1B0-423B-86CC-8E22855B4FF5}.Debug|x64.Build.0 = Debug|Any CPU
		{4D7F5B86-F1B0-423B-86CC-8E22855B4FF5}.Debug|x64.Deploy.0 = Debug|Any CPU
		{4D7F5B86-F1B0-423B-86CC-8E22855B4FF5}.Debug|x86.ActiveCfg = Debug|Any CPU
		{4D7F5B86-F1B0-423B-86CC-8E22855B4FF5}.Debug|x86.Build.0 = Debug|Any CPU
		{4D7F5B86-F1B0-423B-86CC-8E22855B4FF5}.Debug|x86.Deploy.0 = Debug|Any CPU
		{4D7F5B86-F1B0-423B-86CC-8E22855B4FF5}.Release|Any CPU.ActiveCfg = Release|Any CPU
		{4D7F5B86-F1B0-423B-86CC-8E22855B4FF5}.Release|Any CPU.Build.0 = Release|Any CPU
		{4D7F5B86-F1B0-423B-86CC-8E22855B4FF5}.Release|Any CPU.Deploy.0 = Release|Any CPU
		{4D7F5B86-F1B0-423B-86CC-8E22855B4FF5}.Release|ARM.ActiveCfg = Release|Any CPU
		{4D7F5B86-F1B0-423B-86CC-8E22855B4FF5}.Release|ARM.Build.0 = Release|Any CPU
		{4D7F5B86-F1B0-423B-86CC-8E22855B4FF5}.Release|ARM.Deploy.0 = Release|Any CPU
		{4D7F5B86-F1B0-423B-86CC-8E22855B4FF5}.Release|iPhone.ActiveCfg = Release|Any CPU
		{4D7F5B86-F1B0-423B-86CC-8E22855B4FF5}.Release|iPhone.Build.0 = Release|Any CPU
		{4D7F5B86-F1B0-423B-86CC-8E22855B4FF5}.Release|iPhone.Deploy.0 = Release|Any CPU
		{4D7F5B86-F1B0-423B-86CC-8E22855B4FF5}.Release|iPhoneSimulator.ActiveCfg = Release|Any CPU
		{4D7F5B86-F1B0-423B-86CC-8E22855B4FF5}.Release|iPhoneSimulator.Build.0 = Release|Any CPU
		{4D7F5B86-F1B0-423B-86CC-8E22855B4FF5}.Release|iPhoneSimulator.Deploy.0 = Release|Any CPU
		{4D7F5B86-F1B0-423B-86CC-8E22855B4FF5}.Release|x64.ActiveCfg = Release|Any CPU
		{4D7F5B86-F1B0-423B-86CC-8E22855B4FF5}.Release|x64.Build.0 = Release|Any CPU
		{4D7F5B86-F1B0-423B-86CC-8E22855B4FF5}.Release|x64.Deploy.0 = Release|Any CPU
		{4D7F5B86-F1B0-423B-86CC-8E22855B4FF5}.Release|x86.ActiveCfg = Release|Any CPU
		{4D7F5B86-F1B0-423B-86CC-8E22855B4FF5}.Release|x86.Build.0 = Release|Any CPU
		{4D7F5B86-F1B0-423B-86CC-8E22855B4FF5}.Release|x86.Deploy.0 = Release|Any CPU
		{044ED99A-5EFE-4F0C-84F4-F41C34F4BAA9}.Ad-Hoc|Any CPU.ActiveCfg = Ad-Hoc|iPhone
		{044ED99A-5EFE-4F0C-84F4-F41C34F4BAA9}.Ad-Hoc|ARM.ActiveCfg = Ad-Hoc|iPhone
		{044ED99A-5EFE-4F0C-84F4-F41C34F4BAA9}.Ad-Hoc|iPhone.ActiveCfg = Ad-Hoc|iPhone
		{044ED99A-5EFE-4F0C-84F4-F41C34F4BAA9}.Ad-Hoc|iPhone.Build.0 = Ad-Hoc|iPhone
		{044ED99A-5EFE-4F0C-84F4-F41C34F4BAA9}.Ad-Hoc|iPhoneSimulator.ActiveCfg = Ad-Hoc|iPhoneSimulator
		{044ED99A-5EFE-4F0C-84F4-F41C34F4BAA9}.Ad-Hoc|iPhoneSimulator.Build.0 = Ad-Hoc|iPhoneSimulator
		{044ED99A-5EFE-4F0C-84F4-F41C34F4BAA9}.Ad-Hoc|x64.ActiveCfg = Ad-Hoc|iPhone
		{044ED99A-5EFE-4F0C-84F4-F41C34F4BAA9}.Ad-Hoc|x86.ActiveCfg = Ad-Hoc|iPhone
		{044ED99A-5EFE-4F0C-84F4-F41C34F4BAA9}.AppStore|Any CPU.ActiveCfg = AppStore|iPhone
		{044ED99A-5EFE-4F0C-84F4-F41C34F4BAA9}.AppStore|ARM.ActiveCfg = AppStore|iPhone
		{044ED99A-5EFE-4F0C-84F4-F41C34F4BAA9}.AppStore|iPhone.ActiveCfg = AppStore|iPhone
		{044ED99A-5EFE-4F0C-84F4-F41C34F4BAA9}.AppStore|iPhone.Build.0 = AppStore|iPhone
		{044ED99A-5EFE-4F0C-84F4-F41C34F4BAA9}.AppStore|iPhoneSimulator.ActiveCfg = AppStore|iPhoneSimulator
		{044ED99A-5EFE-4F0C-84F4-F41C34F4BAA9}.AppStore|iPhoneSimulator.Build.0 = AppStore|iPhoneSimulator
		{044ED99A-5EFE-4F0C-84F4-F41C34F4BAA9}.AppStore|x64.ActiveCfg = AppStore|iPhone
		{044ED99A-5EFE-4F0C-84F4-F41C34F4BAA9}.AppStore|x86.ActiveCfg = AppStore|iPhone
		{044ED99A-5EFE-4F0C-84F4-F41C34F4BAA9}.Debug|Any CPU.ActiveCfg = Debug|iPhone
		{044ED99A-5EFE-4F0C-84F4-F41C34F4BAA9}.Debug|ARM.ActiveCfg = Debug|iPhone
		{044ED99A-5EFE-4F0C-84F4-F41C34F4BAA9}.Debug|iPhone.ActiveCfg = Debug|iPhone
		{044ED99A-5EFE-4F0C-84F4-F41C34F4BAA9}.Debug|iPhone.Build.0 = Debug|iPhone
		{044ED99A-5EFE-4F0C-84F4-F41C34F4BAA9}.Debug|iPhoneSimulator.ActiveCfg = Debug|iPhoneSimulator
		{044ED99A-5EFE-4F0C-84F4-F41C34F4BAA9}.Debug|iPhoneSimulator.Build.0 = Debug|iPhoneSimulator
		{044ED99A-5EFE-4F0C-84F4-F41C34F4BAA9}.Debug|x64.ActiveCfg = Debug|iPhone
		{044ED99A-5EFE-4F0C-84F4-F41C34F4BAA9}.Debug|x86.ActiveCfg = Debug|iPhone
		{044ED99A-5EFE-4F0C-84F4-F41C34F4BAA9}.Release|Any CPU.ActiveCfg = Release|iPhone
		{044ED99A-5EFE-4F0C-84F4-F41C34F4BAA9}.Release|ARM.ActiveCfg = Release|iPhone
		{044ED99A-5EFE-4F0C-84F4-F41C34F4BAA9}.Release|iPhone.ActiveCfg = Release|iPhone
		{044ED99A-5EFE-4F0C-84F4-F41C34F4BAA9}.Release|iPhone.Build.0 = Release|iPhone
		{044ED99A-5EFE-4F0C-84F4-F41C34F4BAA9}.Release|iPhoneSimulator.ActiveCfg = Release|iPhoneSimulator
		{044ED99A-5EFE-4F0C-84F4-F41C34F4BAA9}.Release|iPhoneSimulator.Build.0 = Release|iPhoneSimulator
		{044ED99A-5EFE-4F0C-84F4-F41C34F4BAA9}.Release|x64.ActiveCfg = Release|iPhone
		{044ED99A-5EFE-4F0C-84F4-F41C34F4BAA9}.Release|x86.ActiveCfg = Release|iPhone
		{731F5DE4-AF87-41FF-A960-D6B3F607EF2F}.Ad-Hoc|Any CPU.ActiveCfg = Release|Any CPU
		{731F5DE4-AF87-41FF-A960-D6B3F607EF2F}.Ad-Hoc|Any CPU.Build.0 = Release|Any CPU
		{731F5DE4-AF87-41FF-A960-D6B3F607EF2F}.Ad-Hoc|Any CPU.Deploy.0 = Release|Any CPU
		{731F5DE4-AF87-41FF-A960-D6B3F607EF2F}.Ad-Hoc|ARM.ActiveCfg = Release|ARM
		{731F5DE4-AF87-41FF-A960-D6B3F607EF2F}.Ad-Hoc|ARM.Build.0 = Release|ARM
		{731F5DE4-AF87-41FF-A960-D6B3F607EF2F}.Ad-Hoc|ARM.Deploy.0 = Release|ARM
		{731F5DE4-AF87-41FF-A960-D6B3F607EF2F}.Ad-Hoc|iPhone.ActiveCfg = Release|Any CPU
		{731F5DE4-AF87-41FF-A960-D6B3F607EF2F}.Ad-Hoc|iPhone.Build.0 = Release|Any CPU
		{731F5DE4-AF87-41FF-A960-D6B3F607EF2F}.Ad-Hoc|iPhone.Deploy.0 = Release|Any CPU
		{731F5DE4-AF87-41FF-A960-D6B3F607EF2F}.Ad-Hoc|iPhoneSimulator.ActiveCfg = Release|Any CPU
		{731F5DE4-AF87-41FF-A960-D6B3F607EF2F}.Ad-Hoc|iPhoneSimulator.Build.0 = Release|Any CPU
		{731F5DE4-AF87-41FF-A960-D6B3F607EF2F}.Ad-Hoc|iPhoneSimulator.Deploy.0 = Release|Any CPU
		{731F5DE4-AF87-41FF-A960-D6B3F607EF2F}.Ad-Hoc|x64.ActiveCfg = Release|Any CPU
		{731F5DE4-AF87-41FF-A960-D6B3F607EF2F}.Ad-Hoc|x64.Build.0 = Release|Any CPU
		{731F5DE4-AF87-41FF-A960-D6B3F607EF2F}.Ad-Hoc|x64.Deploy.0 = Release|Any CPU
		{731F5DE4-AF87-41FF-A960-D6B3F607EF2F}.Ad-Hoc|x86.ActiveCfg = Release|x86
		{731F5DE4-AF87-41FF-A960-D6B3F607EF2F}.Ad-Hoc|x86.Build.0 = Release|x86
		{731F5DE4-AF87-41FF-A960-D6B3F607EF2F}.Ad-Hoc|x86.Deploy.0 = Release|x86
		{731F5DE4-AF87-41FF-A960-D6B3F607EF2F}.AppStore|Any CPU.ActiveCfg = Release|Any CPU
		{731F5DE4-AF87-41FF-A960-D6B3F607EF2F}.AppStore|Any CPU.Build.0 = Release|Any CPU
		{731F5DE4-AF87-41FF-A960-D6B3F607EF2F}.AppStore|Any CPU.Deploy.0 = Release|Any CPU
		{731F5DE4-AF87-41FF-A960-D6B3F607EF2F}.AppStore|ARM.ActiveCfg = Release|ARM
		{731F5DE4-AF87-41FF-A960-D6B3F607EF2F}.AppStore|ARM.Build.0 = Release|ARM
		{731F5DE4-AF87-41FF-A960-D6B3F607EF2F}.AppStore|ARM.Deploy.0 = Release|ARM
		{731F5DE4-AF87-41FF-A960-D6B3F607EF2F}.AppStore|iPhone.ActiveCfg = Release|Any CPU
		{731F5DE4-AF87-41FF-A960-D6B3F607EF2F}.AppStore|iPhone.Build.0 = Release|Any CPU
		{731F5DE4-AF87-41FF-A960-D6B3F607EF2F}.AppStore|iPhone.Deploy.0 = Release|Any CPU
		{731F5DE4-AF87-41FF-A960-D6B3F607EF2F}.AppStore|iPhoneSimulator.ActiveCfg = Release|Any CPU
		{731F5DE4-AF87-41FF-A960-D6B3F607EF2F}.AppStore|iPhoneSimulator.Build.0 = Release|Any CPU
		{731F5DE4-AF87-41FF-A960-D6B3F607EF2F}.AppStore|iPhoneSimulator.Deploy.0 = Release|Any CPU
		{731F5DE4-AF87-41FF-A960-D6B3F607EF2F}.AppStore|x64.ActiveCfg = Release|Any CPU
		{731F5DE4-AF87-41FF-A960-D6B3F607EF2F}.AppStore|x64.Build.0 = Release|Any CPU
		{731F5DE4-AF87-41FF-A960-D6B3F607EF2F}.AppStore|x64.Deploy.0 = Release|Any CPU
		{731F5DE4-AF87-41FF-A960-D6B3F607EF2F}.AppStore|x86.ActiveCfg = Release|x86
		{731F5DE4-AF87-41FF-A960-D6B3F607EF2F}.AppStore|x86.Build.0 = Release|x86
		{731F5DE4-AF87-41FF-A960-D6B3F607EF2F}.AppStore|x86.Deploy.0 = Release|x86
		{731F5DE4-AF87-41FF-A960-D6B3F607EF2F}.Debug|Any CPU.ActiveCfg = Debug|Any CPU
		{731F5DE4-AF87-41FF-A960-D6B3F607EF2F}.Debug|Any CPU.Build.0 = Debug|Any CPU
		{731F5DE4-AF87-41FF-A960-D6B3F607EF2F}.Debug|Any CPU.Deploy.0 = Debug|Any CPU
		{731F5DE4-AF87-41FF-A960-D6B3F607EF2F}.Debug|ARM.ActiveCfg = Debug|ARM
		{731F5DE4-AF87-41FF-A960-D6B3F607EF2F}.Debug|ARM.Build.0 = Debug|ARM
		{731F5DE4-AF87-41FF-A960-D6B3F607EF2F}.Debug|ARM.Deploy.0 = Debug|ARM
		{731F5DE4-AF87-41FF-A960-D6B3F607EF2F}.Debug|iPhone.ActiveCfg = Debug|Any CPU
		{731F5DE4-AF87-41FF-A960-D6B3F607EF2F}.Debug|iPhone.Build.0 = Debug|Any CPU
		{731F5DE4-AF87-41FF-A960-D6B3F607EF2F}.Debug|iPhone.Deploy.0 = Debug|Any CPU
		{731F5DE4-AF87-41FF-A960-D6B3F607EF2F}.Debug|iPhoneSimulator.ActiveCfg = Debug|Any CPU
		{731F5DE4-AF87-41FF-A960-D6B3F607EF2F}.Debug|iPhoneSimulator.Build.0 = Debug|Any CPU
		{731F5DE4-AF87-41FF-A960-D6B3F607EF2F}.Debug|iPhoneSimulator.Deploy.0 = Debug|Any CPU
		{731F5DE4-AF87-41FF-A960-D6B3F607EF2F}.Debug|x64.ActiveCfg = Debug|Any CPU
		{731F5DE4-AF87-41FF-A960-D6B3F607EF2F}.Debug|x64.Build.0 = Debug|Any CPU
		{731F5DE4-AF87-41FF-A960-D6B3F607EF2F}.Debug|x64.Deploy.0 = Debug|Any CPU
		{731F5DE4-AF87-41FF-A960-D6B3F607EF2F}.Debug|x86.ActiveCfg = Debug|x86
		{731F5DE4-AF87-41FF-A960-D6B3F607EF2F}.Debug|x86.Build.0 = Debug|x86
		{731F5DE4-AF87-41FF-A960-D6B3F607EF2F}.Debug|x86.Deploy.0 = Debug|x86
		{731F5DE4-AF87-41FF-A960-D6B3F607EF2F}.Release|Any CPU.ActiveCfg = Release|Any CPU
		{731F5DE4-AF87-41FF-A960-D6B3F607EF2F}.Release|Any CPU.Build.0 = Release|Any CPU
		{731F5DE4-AF87-41FF-A960-D6B3F607EF2F}.Release|Any CPU.Deploy.0 = Release|Any CPU
		{731F5DE4-AF87-41FF-A960-D6B3F607EF2F}.Release|ARM.ActiveCfg = Release|ARM
		{731F5DE4-AF87-41FF-A960-D6B3F607EF2F}.Release|ARM.Build.0 = Release|ARM
		{731F5DE4-AF87-41FF-A960-D6B3F607EF2F}.Release|ARM.Deploy.0 = Release|ARM
		{731F5DE4-AF87-41FF-A960-D6B3F607EF2F}.Release|iPhone.ActiveCfg = Release|Any CPU
		{731F5DE4-AF87-41FF-A960-D6B3F607EF2F}.Release|iPhone.Build.0 = Release|Any CPU
		{731F5DE4-AF87-41FF-A960-D6B3F607EF2F}.Release|iPhone.Deploy.0 = Release|Any CPU
		{731F5DE4-AF87-41FF-A960-D6B3F607EF2F}.Release|iPhoneSimulator.ActiveCfg = Release|Any CPU
		{731F5DE4-AF87-41FF-A960-D6B3F607EF2F}.Release|iPhoneSimulator.Build.0 = Release|Any CPU
		{731F5DE4-AF87-41FF-A960-D6B3F607EF2F}.Release|iPhoneSimulator.Deploy.0 = Release|Any CPU
		{731F5DE4-AF87-41FF-A960-D6B3F607EF2F}.Release|x64.ActiveCfg = Release|Any CPU
		{731F5DE4-AF87-41FF-A960-D6B3F607EF2F}.Release|x64.Build.0 = Release|Any CPU
		{731F5DE4-AF87-41FF-A960-D6B3F607EF2F}.Release|x64.Deploy.0 = Release|Any CPU
		{731F5DE4-AF87-41FF-A960-D6B3F607EF2F}.Release|x86.ActiveCfg = Release|x86
		{731F5DE4-AF87-41FF-A960-D6B3F607EF2F}.Release|x86.Build.0 = Release|x86
		{731F5DE4-AF87-41FF-A960-D6B3F607EF2F}.Release|x86.Deploy.0 = Release|x86
		{FE5AFEC4-6502-4ABF-935A-0F02C8391C01}.Ad-Hoc|Any CPU.ActiveCfg = Release|x86
		{FE5AFEC4-6502-4ABF-935A-0F02C8391C01}.Ad-Hoc|Any CPU.Build.0 = Release|x86
		{FE5AFEC4-6502-4ABF-935A-0F02C8391C01}.Ad-Hoc|Any CPU.Deploy.0 = Release|x86
		{FE5AFEC4-6502-4ABF-935A-0F02C8391C01}.Ad-Hoc|ARM.ActiveCfg = Release|ARM
		{FE5AFEC4-6502-4ABF-935A-0F02C8391C01}.Ad-Hoc|ARM.Build.0 = Release|ARM
		{FE5AFEC4-6502-4ABF-935A-0F02C8391C01}.Ad-Hoc|ARM.Deploy.0 = Release|ARM
		{FE5AFEC4-6502-4ABF-935A-0F02C8391C01}.Ad-Hoc|iPhone.ActiveCfg = Release|x86
		{FE5AFEC4-6502-4ABF-935A-0F02C8391C01}.Ad-Hoc|iPhone.Build.0 = Release|x86
		{FE5AFEC4-6502-4ABF-935A-0F02C8391C01}.Ad-Hoc|iPhone.Deploy.0 = Release|x86
		{FE5AFEC4-6502-4ABF-935A-0F02C8391C01}.Ad-Hoc|iPhoneSimulator.ActiveCfg = Release|x86
		{FE5AFEC4-6502-4ABF-935A-0F02C8391C01}.Ad-Hoc|iPhoneSimulator.Build.0 = Release|x86
		{FE5AFEC4-6502-4ABF-935A-0F02C8391C01}.Ad-Hoc|iPhoneSimulator.Deploy.0 = Release|x86
		{FE5AFEC4-6502-4ABF-935A-0F02C8391C01}.Ad-Hoc|x64.ActiveCfg = Release|x64
		{FE5AFEC4-6502-4ABF-935A-0F02C8391C01}.Ad-Hoc|x64.Build.0 = Release|x64
		{FE5AFEC4-6502-4ABF-935A-0F02C8391C01}.Ad-Hoc|x64.Deploy.0 = Release|x64
		{FE5AFEC4-6502-4ABF-935A-0F02C8391C01}.Ad-Hoc|x86.ActiveCfg = Release|x86
		{FE5AFEC4-6502-4ABF-935A-0F02C8391C01}.Ad-Hoc|x86.Build.0 = Release|x86
		{FE5AFEC4-6502-4ABF-935A-0F02C8391C01}.Ad-Hoc|x86.Deploy.0 = Release|x86
		{FE5AFEC4-6502-4ABF-935A-0F02C8391C01}.AppStore|Any CPU.ActiveCfg = Release|x86
		{FE5AFEC4-6502-4ABF-935A-0F02C8391C01}.AppStore|Any CPU.Build.0 = Release|x86
		{FE5AFEC4-6502-4ABF-935A-0F02C8391C01}.AppStore|Any CPU.Deploy.0 = Release|x86
		{FE5AFEC4-6502-4ABF-935A-0F02C8391C01}.AppStore|ARM.ActiveCfg = Release|ARM
		{FE5AFEC4-6502-4ABF-935A-0F02C8391C01}.AppStore|ARM.Build.0 = Release|ARM
		{FE5AFEC4-6502-4ABF-935A-0F02C8391C01}.AppStore|ARM.Deploy.0 = Release|ARM
		{FE5AFEC4-6502-4ABF-935A-0F02C8391C01}.AppStore|iPhone.ActiveCfg = Release|x86
		{FE5AFEC4-6502-4ABF-935A-0F02C8391C01}.AppStore|iPhone.Build.0 = Release|x86
		{FE5AFEC4-6502-4ABF-935A-0F02C8391C01}.AppStore|iPhone.Deploy.0 = Release|x86
		{FE5AFEC4-6502-4ABF-935A-0F02C8391C01}.AppStore|iPhoneSimulator.ActiveCfg = Release|x86
		{FE5AFEC4-6502-4ABF-935A-0F02C8391C01}.AppStore|iPhoneSimulator.Build.0 = Release|x86
		{FE5AFEC4-6502-4ABF-935A-0F02C8391C01}.AppStore|iPhoneSimulator.Deploy.0 = Release|x86
		{FE5AFEC4-6502-4ABF-935A-0F02C8391C01}.AppStore|x64.ActiveCfg = Release|x64
		{FE5AFEC4-6502-4ABF-935A-0F02C8391C01}.AppStore|x64.Build.0 = Release|x64
		{FE5AFEC4-6502-4ABF-935A-0F02C8391C01}.AppStore|x64.Deploy.0 = Release|x64
		{FE5AFEC4-6502-4ABF-935A-0F02C8391C01}.AppStore|x86.ActiveCfg = Release|x86
		{FE5AFEC4-6502-4ABF-935A-0F02C8391C01}.AppStore|x86.Build.0 = Release|x86
		{FE5AFEC4-6502-4ABF-935A-0F02C8391C01}.AppStore|x86.Deploy.0 = Release|x86
		{FE5AFEC4-6502-4ABF-935A-0F02C8391C01}.Debug|Any CPU.ActiveCfg = Debug|x86
		{FE5AFEC4-6502-4ABF-935A-0F02C8391C01}.Debug|Any CPU.Build.0 = Debug|x86
		{FE5AFEC4-6502-4ABF-935A-0F02C8391C01}.Debug|Any CPU.Deploy.0 = Debug|x86
		{FE5AFEC4-6502-4ABF-935A-0F02C8391C01}.Debug|ARM.ActiveCfg = Debug|ARM
		{FE5AFEC4-6502-4ABF-935A-0F02C8391C01}.Debug|ARM.Build.0 = Debug|ARM
		{FE5AFEC4-6502-4ABF-935A-0F02C8391C01}.Debug|ARM.Deploy.0 = Debug|ARM
		{FE5AFEC4-6502-4ABF-935A-0F02C8391C01}.Debug|iPhone.ActiveCfg = Debug|x86
		{FE5AFEC4-6502-4ABF-935A-0F02C8391C01}.Debug|iPhoneSimulator.ActiveCfg = Debug|x86
		{FE5AFEC4-6502-4ABF-935A-0F02C8391C01}.Debug|x64.ActiveCfg = Debug|x64
		{FE5AFEC4-6502-4ABF-935A-0F02C8391C01}.Debug|x64.Build.0 = Debug|x64
		{FE5AFEC4-6502-4ABF-935A-0F02C8391C01}.Debug|x64.Deploy.0 = Debug|x64
		{FE5AFEC4-6502-4ABF-935A-0F02C8391C01}.Debug|x86.ActiveCfg = Debug|x86
		{FE5AFEC4-6502-4ABF-935A-0F02C8391C01}.Debug|x86.Build.0 = Debug|x86
		{FE5AFEC4-6502-4ABF-935A-0F02C8391C01}.Debug|x86.Deploy.0 = Debug|x86
		{FE5AFEC4-6502-4ABF-935A-0F02C8391C01}.Release|Any CPU.ActiveCfg = Release|x86
		{FE5AFEC4-6502-4ABF-935A-0F02C8391C01}.Release|ARM.ActiveCfg = Release|ARM
		{FE5AFEC4-6502-4ABF-935A-0F02C8391C01}.Release|ARM.Build.0 = Release|ARM
		{FE5AFEC4-6502-4ABF-935A-0F02C8391C01}.Release|ARM.Deploy.0 = Release|ARM
		{FE5AFEC4-6502-4ABF-935A-0F02C8391C01}.Release|iPhone.ActiveCfg = Release|x86
		{FE5AFEC4-6502-4ABF-935A-0F02C8391C01}.Release|iPhoneSimulator.ActiveCfg = Release|x86
		{FE5AFEC4-6502-4ABF-935A-0F02C8391C01}.Release|x64.ActiveCfg = Release|x64
		{FE5AFEC4-6502-4ABF-935A-0F02C8391C01}.Release|x64.Build.0 = Release|x64
		{FE5AFEC4-6502-4ABF-935A-0F02C8391C01}.Release|x64.Deploy.0 = Release|x64
		{FE5AFEC4-6502-4ABF-935A-0F02C8391C01}.Release|x86.ActiveCfg = Release|x86
		{FE5AFEC4-6502-4ABF-935A-0F02C8391C01}.Release|x86.Build.0 = Release|x86
		{FE5AFEC4-6502-4ABF-935A-0F02C8391C01}.Release|x86.Deploy.0 = Release|x86
		{16A7E452-6568-4E5A-8DA2-6EE9C3257F1B}.Ad-Hoc|Any CPU.ActiveCfg = Release|Any CPU
		{16A7E452-6568-4E5A-8DA2-6EE9C3257F1B}.Ad-Hoc|Any CPU.Build.0 = Release|Any CPU
		{16A7E452-6568-4E5A-8DA2-6EE9C3257F1B}.Ad-Hoc|Any CPU.Deploy.0 = Release|Any CPU
		{16A7E452-6568-4E5A-8DA2-6EE9C3257F1B}.Ad-Hoc|ARM.ActiveCfg = Release|ARM
		{16A7E452-6568-4E5A-8DA2-6EE9C3257F1B}.Ad-Hoc|ARM.Build.0 = Release|ARM
		{16A7E452-6568-4E5A-8DA2-6EE9C3257F1B}.Ad-Hoc|ARM.Deploy.0 = Release|ARM
		{16A7E452-6568-4E5A-8DA2-6EE9C3257F1B}.Ad-Hoc|iPhone.ActiveCfg = Release|Any CPU
		{16A7E452-6568-4E5A-8DA2-6EE9C3257F1B}.Ad-Hoc|iPhone.Build.0 = Release|Any CPU
		{16A7E452-6568-4E5A-8DA2-6EE9C3257F1B}.Ad-Hoc|iPhone.Deploy.0 = Release|Any CPU
		{16A7E452-6568-4E5A-8DA2-6EE9C3257F1B}.Ad-Hoc|iPhoneSimulator.ActiveCfg = Release|Any CPU
		{16A7E452-6568-4E5A-8DA2-6EE9C3257F1B}.Ad-Hoc|iPhoneSimulator.Build.0 = Release|Any CPU
		{16A7E452-6568-4E5A-8DA2-6EE9C3257F1B}.Ad-Hoc|iPhoneSimulator.Deploy.0 = Release|Any CPU
		{16A7E452-6568-4E5A-8DA2-6EE9C3257F1B}.Ad-Hoc|x64.ActiveCfg = Release|x64
		{16A7E452-6568-4E5A-8DA2-6EE9C3257F1B}.Ad-Hoc|x64.Build.0 = Release|x64
		{16A7E452-6568-4E5A-8DA2-6EE9C3257F1B}.Ad-Hoc|x64.Deploy.0 = Release|x64
		{16A7E452-6568-4E5A-8DA2-6EE9C3257F1B}.Ad-Hoc|x86.ActiveCfg = Release|x86
		{16A7E452-6568-4E5A-8DA2-6EE9C3257F1B}.Ad-Hoc|x86.Build.0 = Release|x86
		{16A7E452-6568-4E5A-8DA2-6EE9C3257F1B}.Ad-Hoc|x86.Deploy.0 = Release|x86
		{16A7E452-6568-4E5A-8DA2-6EE9C3257F1B}.AppStore|Any CPU.ActiveCfg = Release|Any CPU
		{16A7E452-6568-4E5A-8DA2-6EE9C3257F1B}.AppStore|Any CPU.Build.0 = Release|Any CPU
		{16A7E452-6568-4E5A-8DA2-6EE9C3257F1B}.AppStore|Any CPU.Deploy.0 = Release|Any CPU
		{16A7E452-6568-4E5A-8DA2-6EE9C3257F1B}.AppStore|ARM.ActiveCfg = Release|ARM
		{16A7E452-6568-4E5A-8DA2-6EE9C3257F1B}.AppStore|ARM.Build.0 = Release|ARM
		{16A7E452-6568-4E5A-8DA2-6EE9C3257F1B}.AppStore|ARM.Deploy.0 = Release|ARM
		{16A7E452-6568-4E5A-8DA2-6EE9C3257F1B}.AppStore|iPhone.ActiveCfg = Release|Any CPU
		{16A7E452-6568-4E5A-8DA2-6EE9C3257F1B}.AppStore|iPhone.Build.0 = Release|Any CPU
		{16A7E452-6568-4E5A-8DA2-6EE9C3257F1B}.AppStore|iPhone.Deploy.0 = Release|Any CPU
		{16A7E452-6568-4E5A-8DA2-6EE9C3257F1B}.AppStore|iPhoneSimulator.ActiveCfg = Release|Any CPU
		{16A7E452-6568-4E5A-8DA2-6EE9C3257F1B}.AppStore|iPhoneSimulator.Build.0 = Release|Any CPU
		{16A7E452-6568-4E5A-8DA2-6EE9C3257F1B}.AppStore|iPhoneSimulator.Deploy.0 = Release|Any CPU
		{16A7E452-6568-4E5A-8DA2-6EE9C3257F1B}.AppStore|x64.ActiveCfg = Release|x64
		{16A7E452-6568-4E5A-8DA2-6EE9C3257F1B}.AppStore|x64.Build.0 = Release|x64
		{16A7E452-6568-4E5A-8DA2-6EE9C3257F1B}.AppStore|x64.Deploy.0 = Release|x64
		{16A7E452-6568-4E5A-8DA2-6EE9C3257F1B}.AppStore|x86.ActiveCfg = Release|x86
		{16A7E452-6568-4E5A-8DA2-6EE9C3257F1B}.AppStore|x86.Build.0 = Release|x86
		{16A7E452-6568-4E5A-8DA2-6EE9C3257F1B}.AppStore|x86.Deploy.0 = Release|x86
		{16A7E452-6568-4E5A-8DA2-6EE9C3257F1B}.Debug|Any CPU.ActiveCfg = Debug|Any CPU
		{16A7E452-6568-4E5A-8DA2-6EE9C3257F1B}.Debug|Any CPU.Build.0 = Debug|Any CPU
		{16A7E452-6568-4E5A-8DA2-6EE9C3257F1B}.Debug|Any CPU.Deploy.0 = Debug|Any CPU
		{16A7E452-6568-4E5A-8DA2-6EE9C3257F1B}.Debug|ARM.ActiveCfg = Debug|ARM
		{16A7E452-6568-4E5A-8DA2-6EE9C3257F1B}.Debug|ARM.Build.0 = Debug|ARM
		{16A7E452-6568-4E5A-8DA2-6EE9C3257F1B}.Debug|ARM.Deploy.0 = Debug|ARM
		{16A7E452-6568-4E5A-8DA2-6EE9C3257F1B}.Debug|iPhone.ActiveCfg = Debug|Any CPU
		{16A7E452-6568-4E5A-8DA2-6EE9C3257F1B}.Debug|iPhone.Build.0 = Debug|Any CPU
		{16A7E452-6568-4E5A-8DA2-6EE9C3257F1B}.Debug|iPhone.Deploy.0 = Debug|Any CPU
		{16A7E452-6568-4E5A-8DA2-6EE9C3257F1B}.Debug|iPhoneSimulator.ActiveCfg = Debug|Any CPU
		{16A7E452-6568-4E5A-8DA2-6EE9C3257F1B}.Debug|iPhoneSimulator.Build.0 = Debug|Any CPU
		{16A7E452-6568-4E5A-8DA2-6EE9C3257F1B}.Debug|iPhoneSimulator.Deploy.0 = Debug|Any CPU
		{16A7E452-6568-4E5A-8DA2-6EE9C3257F1B}.Debug|x64.ActiveCfg = Debug|x64
		{16A7E452-6568-4E5A-8DA2-6EE9C3257F1B}.Debug|x64.Build.0 = Debug|x64
		{16A7E452-6568-4E5A-8DA2-6EE9C3257F1B}.Debug|x64.Deploy.0 = Debug|x64
		{16A7E452-6568-4E5A-8DA2-6EE9C3257F1B}.Debug|x86.ActiveCfg = Debug|x86
		{16A7E452-6568-4E5A-8DA2-6EE9C3257F1B}.Debug|x86.Build.0 = Debug|x86
		{16A7E452-6568-4E5A-8DA2-6EE9C3257F1B}.Debug|x86.Deploy.0 = Debug|x86
		{16A7E452-6568-4E5A-8DA2-6EE9C3257F1B}.Release|Any CPU.ActiveCfg = Release|Any CPU
		{16A7E452-6568-4E5A-8DA2-6EE9C3257F1B}.Release|Any CPU.Build.0 = Release|Any CPU
		{16A7E452-6568-4E5A-8DA2-6EE9C3257F1B}.Release|Any CPU.Deploy.0 = Release|Any CPU
		{16A7E452-6568-4E5A-8DA2-6EE9C3257F1B}.Release|ARM.ActiveCfg = Release|ARM
		{16A7E452-6568-4E5A-8DA2-6EE9C3257F1B}.Release|ARM.Build.0 = Release|ARM
		{16A7E452-6568-4E5A-8DA2-6EE9C3257F1B}.Release|ARM.Deploy.0 = Release|ARM
		{16A7E452-6568-4E5A-8DA2-6EE9C3257F1B}.Release|iPhone.ActiveCfg = Release|Any CPU
		{16A7E452-6568-4E5A-8DA2-6EE9C3257F1B}.Release|iPhone.Build.0 = Release|Any CPU
		{16A7E452-6568-4E5A-8DA2-6EE9C3257F1B}.Release|iPhone.Deploy.0 = Release|Any CPU
		{16A7E452-6568-4E5A-8DA2-6EE9C3257F1B}.Release|iPhoneSimulator.ActiveCfg = Release|Any CPU
		{16A7E452-6568-4E5A-8DA2-6EE9C3257F1B}.Release|iPhoneSimulator.Build.0 = Release|Any CPU
		{16A7E452-6568-4E5A-8DA2-6EE9C3257F1B}.Release|iPhoneSimulator.Deploy.0 = Release|Any CPU
		{16A7E452-6568-4E5A-8DA2-6EE9C3257F1B}.Release|x64.ActiveCfg = Release|x64
		{16A7E452-6568-4E5A-8DA2-6EE9C3257F1B}.Release|x64.Build.0 = Release|x64
		{16A7E452-6568-4E5A-8DA2-6EE9C3257F1B}.Release|x64.Deploy.0 = Release|x64
		{16A7E452-6568-4E5A-8DA2-6EE9C3257F1B}.Release|x86.ActiveCfg = Release|x86
		{16A7E452-6568-4E5A-8DA2-6EE9C3257F1B}.Release|x86.Build.0 = Release|x86
		{16A7E452-6568-4E5A-8DA2-6EE9C3257F1B}.Release|x86.Deploy.0 = Release|x86
		{95E9AC8E-ADC9-4BF3-BE77-B499A4E7C02E}.Ad-Hoc|Any CPU.ActiveCfg = Release|Any CPU
		{95E9AC8E-ADC9-4BF3-BE77-B499A4E7C02E}.Ad-Hoc|Any CPU.Build.0 = Release|Any CPU
		{95E9AC8E-ADC9-4BF3-BE77-B499A4E7C02E}.Ad-Hoc|ARM.ActiveCfg = Release|Any CPU
		{95E9AC8E-ADC9-4BF3-BE77-B499A4E7C02E}.Ad-Hoc|ARM.Build.0 = Release|Any CPU
		{95E9AC8E-ADC9-4BF3-BE77-B499A4E7C02E}.Ad-Hoc|iPhone.ActiveCfg = Release|Any CPU
		{95E9AC8E-ADC9-4BF3-BE77-B499A4E7C02E}.Ad-Hoc|iPhone.Build.0 = Release|Any CPU
		{95E9AC8E-ADC9-4BF3-BE77-B499A4E7C02E}.Ad-Hoc|iPhoneSimulator.ActiveCfg = Release|Any CPU
		{95E9AC8E-ADC9-4BF3-BE77-B499A4E7C02E}.Ad-Hoc|iPhoneSimulator.Build.0 = Release|Any CPU
		{95E9AC8E-ADC9-4BF3-BE77-B499A4E7C02E}.Ad-Hoc|x64.ActiveCfg = Release|Any CPU
		{95E9AC8E-ADC9-4BF3-BE77-B499A4E7C02E}.Ad-Hoc|x64.Build.0 = Release|Any CPU
		{95E9AC8E-ADC9-4BF3-BE77-B499A4E7C02E}.Ad-Hoc|x86.ActiveCfg = Release|Any CPU
		{95E9AC8E-ADC9-4BF3-BE77-B499A4E7C02E}.Ad-Hoc|x86.Build.0 = Release|Any CPU
		{95E9AC8E-ADC9-4BF3-BE77-B499A4E7C02E}.AppStore|Any CPU.ActiveCfg = Release|Any CPU
		{95E9AC8E-ADC9-4BF3-BE77-B499A4E7C02E}.AppStore|Any CPU.Build.0 = Release|Any CPU
		{95E9AC8E-ADC9-4BF3-BE77-B499A4E7C02E}.AppStore|ARM.ActiveCfg = Release|Any CPU
		{95E9AC8E-ADC9-4BF3-BE77-B499A4E7C02E}.AppStore|ARM.Build.0 = Release|Any CPU
		{95E9AC8E-ADC9-4BF3-BE77-B499A4E7C02E}.AppStore|iPhone.ActiveCfg = Release|Any CPU
		{95E9AC8E-ADC9-4BF3-BE77-B499A4E7C02E}.AppStore|iPhone.Build.0 = Release|Any CPU
		{95E9AC8E-ADC9-4BF3-BE77-B499A4E7C02E}.AppStore|iPhoneSimulator.ActiveCfg = Release|Any CPU
		{95E9AC8E-ADC9-4BF3-BE77-B499A4E7C02E}.AppStore|iPhoneSimulator.Build.0 = Release|Any CPU
		{95E9AC8E-ADC9-4BF3-BE77-B499A4E7C02E}.AppStore|x64.ActiveCfg = Release|Any CPU
		{95E9AC8E-ADC9-4BF3-BE77-B499A4E7C02E}.AppStore|x64.Build.0 = Release|Any CPU
		{95E9AC8E-ADC9-4BF3-BE77-B499A4E7C02E}.AppStore|x86.ActiveCfg = Release|Any CPU
		{95E9AC8E-ADC9-4BF3-BE77-B499A4E7C02E}.AppStore|x86.Build.0 = Release|Any CPU
		{95E9AC8E-ADC9-4BF3-BE77-B499A4E7C02E}.Debug|Any CPU.ActiveCfg = Debug|Any CPU
		{95E9AC8E-ADC9-4BF3-BE77-B499A4E7C02E}.Debug|Any CPU.Build.0 = Debug|Any CPU
		{95E9AC8E-ADC9-4BF3-BE77-B499A4E7C02E}.Debug|ARM.ActiveCfg = Debug|Any CPU
		{95E9AC8E-ADC9-4BF3-BE77-B499A4E7C02E}.Debug|ARM.Build.0 = Debug|Any CPU
		{95E9AC8E-ADC9-4BF3-BE77-B499A4E7C02E}.Debug|iPhone.ActiveCfg = Debug|Any CPU
		{95E9AC8E-ADC9-4BF3-BE77-B499A4E7C02E}.Debug|iPhone.Build.0 = Debug|Any CPU
		{95E9AC8E-ADC9-4BF3-BE77-B499A4E7C02E}.Debug|iPhoneSimulator.ActiveCfg = Debug|Any CPU
		{95E9AC8E-ADC9-4BF3-BE77-B499A4E7C02E}.Debug|iPhoneSimulator.Build.0 = Debug|Any CPU
		{95E9AC8E-ADC9-4BF3-BE77-B499A4E7C02E}.Debug|x64.ActiveCfg = Debug|Any CPU
		{95E9AC8E-ADC9-4BF3-BE77-B499A4E7C02E}.Debug|x64.Build.0 = Debug|Any CPU
		{95E9AC8E-ADC9-4BF3-BE77-B499A4E7C02E}.Debug|x86.ActiveCfg = Debug|Any CPU
		{95E9AC8E-ADC9-4BF3-BE77-B499A4E7C02E}.Debug|x86.Build.0 = Debug|Any CPU
		{95E9AC8E-ADC9-4BF3-BE77-B499A4E7C02E}.Release|Any CPU.ActiveCfg = Release|Any CPU
		{95E9AC8E-ADC9-4BF3-BE77-B499A4E7C02E}.Release|Any CPU.Build.0 = Release|Any CPU
		{95E9AC8E-ADC9-4BF3-BE77-B499A4E7C02E}.Release|ARM.ActiveCfg = Release|Any CPU
		{95E9AC8E-ADC9-4BF3-BE77-B499A4E7C02E}.Release|ARM.Build.0 = Release|Any CPU
		{95E9AC8E-ADC9-4BF3-BE77-B499A4E7C02E}.Release|iPhone.ActiveCfg = Release|Any CPU
		{95E9AC8E-ADC9-4BF3-BE77-B499A4E7C02E}.Release|iPhone.Build.0 = Release|Any CPU
		{95E9AC8E-ADC9-4BF3-BE77-B499A4E7C02E}.Release|iPhoneSimulator.ActiveCfg = Release|Any CPU
		{95E9AC8E-ADC9-4BF3-BE77-B499A4E7C02E}.Release|iPhoneSimulator.Build.0 = Release|Any CPU
		{95E9AC8E-ADC9-4BF3-BE77-B499A4E7C02E}.Release|x64.ActiveCfg = Release|Any CPU
		{95E9AC8E-ADC9-4BF3-BE77-B499A4E7C02E}.Release|x64.Build.0 = Release|Any CPU
		{95E9AC8E-ADC9-4BF3-BE77-B499A4E7C02E}.Release|x86.ActiveCfg = Release|Any CPU
		{95E9AC8E-ADC9-4BF3-BE77-B499A4E7C02E}.Release|x86.Build.0 = Release|Any CPU
	EndGlobalSection
	GlobalSection(SolutionProperties) = preSolution
		HideSolutionNode = FALSE
	EndGlobalSection
EndGlobal
